
Microsoft Visual Studio Solution File, Format Version 12.00
# Visual Studio Version 16
VisualStudioVersion = 16.0.30804.86
MinimumVisualStudioVersion = 10.0.40219.1
Project("{FAE04EC0-301F-11D3-BF4B-00C04F79EFBC}") = "Web", "Web\Web.csproj", "{88F34288-F395-4174-AD7C-5D5CB679B9A0}"
EndProject
Project("{FAE04EC0-301F-11D3-BF4B-00C04F79EFBC}") = "Core", "Core\Core.csproj", "{66EBC7F0-D81A-4EE2-894C-AB76F1C1575D}"
EndProject
Project("{FAE04EC0-301F-11D3-BF4B-00C04F79EFBC}") = "Infrastructure", "Infrastructure\Infrastructure.csproj", "{542C3A28-12E8-45E6-8510-DC0DDDD8D553}"
EndProject
Global
	GlobalSection(SolutionConfigurationPlatforms) = preSolution
		Debug|Any CPU = Debug|Any CPU
		Release|Any CPU = Release|Any CPU
	EndGlobalSection
	GlobalSection(ProjectConfigurationPlatforms) = postSolution
		{88F34288-F395-4174-AD7C-5D5CB679B9A0}.Debug|Any CPU.ActiveCfg = Debug|Any CPU
		{88F34288-F395-4174-AD7C-5D5CB679B9A0}.Debug|Any CPU.Build.0 = Debug|Any CPU
		{88F34288-F395-4174-AD7C-5D5CB679B9A0}.Release|Any CPU.ActiveCfg = Release|Any CPU
		{88F34288-F395-4174-AD7C-5D5CB679B9A0}.Release|Any CPU.Build.0 = Release|Any CPU
		{66EBC7F0-D81A-4EE2-894C-AB76F1C1575D}.Debug|Any CPU.ActiveCfg = Debug|Any CPU
		{66EBC7F0-D81A-4EE2-894C-AB76F1C1575D}.Debug|Any CPU.Build.0 = Debug|Any CPU
		{66EBC7F0-D81A-4EE2-894C-AB76F1C1575D}.Release|Any CPU.ActiveCfg = Release|Any CPU
		{66EBC7F0-D81A-4EE2-894C-AB76F1C1575D}.Release|Any CPU.Build.0 = Release|Any CPU
		{542C3A28-12E8-45E6-8510-DC0DDDD8D553}.Debug|Any CPU.ActiveCfg = Debug|Any CPU
		{542C3A28-12E8-45E6-8510-DC0DDDD8D553}.Debug|Any CPU.Build.0 = Debug|Any CPU
		{542C3A28-12E8-45E6-8510-DC0DDDD8D553}.Release|Any CPU.ActiveCfg = Release|Any CPU
		{542C3A28-12E8-45E6-8510-DC0DDDD8D553}.Release|Any CPU.Build.0 = Release|Any CPU
	EndGlobalSection
	GlobalSection(SolutionProperties) = preSolution
		HideSolutionNode = FALSE
	EndGlobalSection
	GlobalSection(ExtensibilityGlobals) = postSolution
		SolutionGuid = {8DDB862F-B99D-4F23-8656-E615857BC018}
	EndGlobalSection
EndGlobal
